
Microsoft Visual Studio Solution File, Format Version 11.00
# Visual Studio 2010
Project("{FAE04EC0-301F-11D3-BF4B-00C04F79EFBC}") = "Assembly-CSharp", "Assembly-CSharp.csproj", "{8ceb94b5-fb43-8143-1cd9-5265fb3f0e4d}"
EndProject
Project("{FAE04EC0-301F-11D3-BF4B-00C04F79EFBC}") = "Assembly-CSharp", "Assembly-CSharp.Player.csproj", "{9ea02ce4-8f72-07d5-dbd7-7132a927432f}"
EndProject
Global
	GlobalSection(SolutionConfigurationPlatforms) = preSolution
		Debug|Any CPU = Debug|Any CPU
	EndGlobalSection
	GlobalSection(ProjectConfigurationPlatforms) = postSolution
		{8ceb94b5-fb43-8143-1cd9-5265fb3f0e4d}.Debug|Any CPU.ActiveCfg = Debug|Any CPU
		{8ceb94b5-fb43-8143-1cd9-5265fb3f0e4d}.Debug|Any CPU.Build.0 = Debug|Any CPU
		{9ea02ce4-8f72-07d5-dbd7-7132a927432f}.Debug|Any CPU.ActiveCfg = Debug|Any CPU
		{9ea02ce4-8f72-07d5-dbd7-7132a927432f}.Debug|Any CPU.Build.0 = Debug|Any CPU
	EndGlobalSection
	GlobalSection(SolutionProperties) = preSolution
		HideSolutionNode = FALSE
	EndGlobalSection
EndGlobal
